
Microsoft Visual Studio Solution File, Format Version 12.00
# Visual Studio Version 16
VisualStudioVersion = 16.0.29709.97
MinimumVisualStudioVersion = 10.0.40219.1
Project("{FAE04EC0-301F-11D3-BF4B-00C04F79EFBC}") = "LAB_8", "LAB_8.csproj", "{8D2798D3-A398-4ABC-A6E0-B2361A11B789}"
EndProject
Global
	GlobalSection(SolutionConfigurationPlatforms) = preSolution
		Debug|Any CPU = Debug|Any CPU
		Release|Any CPU = Release|Any CPU
	EndGlobalSection
	GlobalSection(ProjectConfigurationPlatforms) = postSolution
		{8D2798D3-A398-4ABC-A6E0-B2361A11B789}.Debug|Any CPU.ActiveCfg = Debug|Any CPU
		{8D2798D3-A398-4ABC-A6E0-B2361A11B789}.Debug|Any CPU.Build.0 = Debug|Any CPU
		{8D2798D3-A398-4ABC-A6E0-B2361A11B789}.Release|Any CPU.ActiveCfg = Release|Any CPU
		{8D2798D3-A398-4ABC-A6E0-B2361A11B789}.Release|Any CPU.Build.0 = Release|Any CPU
	EndGlobalSection
	GlobalSection(SolutionProperties) = preSolution
		HideSolutionNode = FALSE
	EndGlobalSection
	GlobalSection(ExtensibilityGlobals) = postSolution
		SolutionGuid = {5B1655BF-FCB4-40BE-A4D4-E05EBFBC60CB}
	EndGlobalSection
EndGlobal
